
Microsoft Visual Studio Solution File, Format Version 12.00
# Visual Studio Version 17
VisualStudioVersion = 17.7.33920.267
MinimumVisualStudioVersion = 10.0.40219.1
Project("{FAE04EC0-301F-11D3-BF4B-00C04F79EFBC}") = "MauiCalculatorApp", "MauiCalculatorApp\MauiCalculatorApp.csproj", "{452E0701-A42C-4CFA-9F33-5D205669B85A}"
EndProject
Global
	GlobalSection(SolutionConfigurationPlatforms) = preSolution
		Debug|Any CPU = Debug|Any CPU
		Release|Any CPU = Release|Any CPU
	EndGlobalSection
	GlobalSection(ProjectConfigurationPlatforms) = postSolution
		{452E0701-A42C-4CFA-9F33-5D205669B85A}.Debug|Any CPU.ActiveCfg = Debug|Any CPU
		{452E0701-A42C-4CFA-9F33-5D205669B85A}.Debug|Any CPU.Build.0 = Debug|Any CPU
		{452E0701-A42C-4CFA-9F33-5D205669B85A}.Debug|Any CPU.Deploy.0 = Debug|Any CPU
		{452E0701-A42C-4CFA-9F33-5D205669B85A}.Release|Any CPU.ActiveCfg = Release|Any CPU
		{452E0701-A42C-4CFA-9F33-5D205669B85A}.Release|Any CPU.Build.0 = Release|Any CPU
		{452E0701-A42C-4CFA-9F33-5D205669B85A}.Release|Any CPU.Deploy.0 = Release|Any CPU
	EndGlobalSection
	GlobalSection(SolutionProperties) = preSolution
		HideSolutionNode = FALSE
	EndGlobalSection
	GlobalSection(ExtensibilityGlobals) = postSolution
		SolutionGuid = {1BF78853-A290-4CC1-AF3C-1F5A9399FD01}
	EndGlobalSection
EndGlobal
